# THIS IS AN AUTOGENERATED FILE. DO NOT EDIT THIS FILE DIRECTLY.
# yarn lockfile v1


asap@~2.0.3:
  version "2.0.5"
  resolved "https://registry.yarnpkg.com/asap/-/asap-2.0.5.tgz#522765b50c3510490e52d7dcfe085ef9ba96958f"

babel-runtime@^6.2.0, babel-runtime@^6.6.1:
  version "6.23.0"
  resolved "https://registry.yarnpkg.com/babel-runtime/-/babel-runtime-6.23.0.tgz#0a9489f144de70efb3ce4300accdb329e2fc543b"
  dependencies:
    core-js "^2.4.0"
    regenerator-runtime "^0.10.0"

base16@^1.0.0:
  version "1.0.0"
  resolved "https://registry.yarnpkg.com/base16/-/base16-1.0.0.tgz#e297f60d7ec1014a7a971a39ebc8a98c0b681e70"

core-js@^1.0.0:
  version "1.2.7"
  resolved "https://registry.yarnpkg.com/core-js/-/core-js-1.2.7.tgz#652294c14651db28fa93bd2d5ff2983a4f08c636"

core-js@^2.4.0:
  version "2.4.1"
  resolved "https://registry.yarnpkg.com/core-js/-/core-js-2.4.1.tgz#4de911e667b0eae9124e34254b53aea6fc618d3e"

deep-diff@^0.3.5:
  version "0.3.8"
  resolved "https://registry.yarnpkg.com/deep-diff/-/deep-diff-0.3.8.tgz#c01de63efb0eec9798801d40c7e0dae25b582c84"

encoding@^0.1.11:
  version "0.1.12"
  resolved "https://registry.yarnpkg.com/encoding/-/encoding-0.1.12.tgz#538b66f3ee62cd1ab51ec323829d1f9480c74beb"
  dependencies:
    iconv-lite "~0.4.13"

fbjs@^0.8.9:
  version "0.8.12"
  resolved "https://registry.yarnpkg.com/fbjs/-/fbjs-0.8.12.tgz#10b5d92f76d45575fd63a217d4ea02bea2f8ed04"
  dependencies:
    core-js "^1.0.0"
    isomorphic-fetch "^2.1.1"
    loose-envify "^1.0.0"
    object-assign "^4.1.0"
    promise "^7.1.1"
    setimmediate "^1.0.5"
    ua-parser-js "^0.7.9"

iconv-lite@~0.4.13:
  version "0.4.17"
  resolved "https://registry.yarnpkg.com/iconv-lite/-/iconv-lite-0.4.17.tgz#4fdaa3b38acbc2c031b045d0edcdfe1ecab18c8d"

immutable@^3.8.1:
  version "3.8.1"
  resolved "https://registry.yarnpkg.com/immutable/-/immutable-3.8.1.tgz#200807f11ab0f72710ea485542de088075f68cd2"

is-stream@^1.0.1:
  version "1.1.0"
  resolved "https://registry.yarnpkg.com/is-stream/-/is-stream-1.1.0.tgz#12d4a3dd4e68e0b79ceb8dbc84173ae80d91ca44"

isomorphic-fetch@^2.1.1:
  version "2.2.1"
  resolved "https://registry.yarnpkg.com/isomorphic-fetch/-/isomorphic-fetch-2.2.1.tgz#611ae1acf14f5e81f729507472819fe9733558a9"
  dependencies:
    node-fetch "^1.0.1"
    whatwg-fetch ">=0.10.0"

js-tokens@^3.0.0:
  version "3.0.1"
  resolved "https://registry.yarnpkg.com/js-tokens/-/js-tokens-3.0.1.tgz#08e9f132484a2c45a30907e9dc4d5567b7f114d7"

lodash._getnative@^3.0.0:
  version "3.9.1"
  resolved "https://registry.yarnpkg.com/lodash._getnative/-/lodash._getnative-3.9.1.tgz#570bc7dede46d61cdcde687d65d3eecbaa3aaff5"

lodash.curry@^4.0.1:
  version "4.1.1"
  resolved "https://registry.yarnpkg.com/lodash.curry/-/lodash.curry-4.1.1.tgz#248e36072ede906501d75966200a86dab8b23170"

lodash.debounce@^3.1.1:
  version "3.1.1"
  resolved "https://registry.yarnpkg.com/lodash.debounce/-/lodash.debounce-3.1.1.tgz#812211c378a94cc29d5aa4e3346cf0bfce3a7df5"
  dependencies:
    lodash._getnative "^3.0.0"

lodash.debounce@^4.0.4:
  version "4.0.8"
  resolved "https://registry.yarnpkg.com/lodash.debounce/-/lodash.debounce-4.0.8.tgz#82d79bff30a67c4005ffd5e2515300ad9ca4d7af"

lodash.flow@^3.3.0:
  version "3.5.0"
  resolved "https://registry.yarnpkg.com/lodash.flow/-/lodash.flow-3.5.0.tgz#87bf40292b8cf83e4e8ce1a3ae4209e20071675a"

lodash@^4.2.0:
  version "4.17.4"
  resolved "https://registry.yarnpkg.com/lodash/-/lodash-4.17.4.tgz#78203a4d1c328ae1d86dca6460e369b57f4055ae"

loose-envify@^1.0.0, loose-envify@^1.3.1:
  version "1.3.1"
  resolved "https://registry.yarnpkg.com/loose-envify/-/loose-envify-1.3.1.tgz#d1a8ad33fa9ce0e713d65fdd0ac8b748d478c848"
  dependencies:
    js-tokens "^3.0.0"

node-fetch@^1.0.1:
  version "1.7.0"
  resolved "https://registry.yarnpkg.com/node-fetch/-/node-fetch-1.7.0.tgz#3ff6c56544f9b7fb00682338bb55ee6f54a8a0ef"
  dependencies:
    encoding "^0.1.11"
    is-stream "^1.0.1"

object-assign@^4.1.0:
  version "4.1.1"
  resolved "https://registry.yarnpkg.com/object-assign/-/object-assign-4.1.1.tgz#2109adc7965887cfc05cbbd442cac8bfbb360863"

parse-key@^0.2.1:
  version "0.2.1"
  resolved "https://registry.yarnpkg.com/parse-key/-/parse-key-0.2.1.tgz#7bcf76595536e36075664be4d687e4bdd910208f"

promise@^7.1.1:
  version "7.1.1"
  resolved "https://registry.yarnpkg.com/promise/-/promise-7.1.1.tgz#489654c692616b8aa55b0724fa809bb7db49c5bf"
  dependencies:
    asap "~2.0.3"

prop-types@^15.0.0, prop-types@^15.5.7, prop-types@^15.5.8:
  version "15.5.10"
  resolved "https://registry.yarnpkg.com/prop-types/-/prop-types-15.5.10.tgz#2797dfc3126182e3a95e3dfbb2e893ddd7456154"
  dependencies:
    fbjs "^0.8.9"
    loose-envify "^1.3.1"

pure-color@^1.2.0:
  version "1.2.0"
  resolved "https://registry.yarnpkg.com/pure-color/-/pure-color-1.2.0.tgz#702d2f2819dd545b1fde5116fca5f0c2dad2d18d"

react-base16-styling@^0.5.1:
  version "0.5.3"
  resolved "https://registry.yarnpkg.com/react-base16-styling/-/react-base16-styling-0.5.3.tgz#3858f24e9c4dd8cbd3f702f3f74d581ca2917269"
  dependencies:
    base16 "^1.0.0"
    lodash.curry "^4.0.1"
    lodash.flow "^3.3.0"
    pure-color "^1.2.0"

react-dock@^0.2.4:
  version "0.2.4"
  resolved "https://registry.yarnpkg.com/react-dock/-/react-dock-0.2.4.tgz#e727dc7550b3b73116635dcb9c0e04d0b7afe17c"
  dependencies:
    lodash.debounce "^3.1.1"
    prop-types "^15.5.8"

react-json-tree@^0.10.8:
  version "0.10.9"
  resolved "https://registry.yarnpkg.com/react-json-tree/-/react-json-tree-0.10.9.tgz#7263173a2cc8bf05eac63b0419c3ce75b232e284"
  dependencies:
    babel-runtime "^6.6.1"
    prop-types "^15.5.8"
    react-base16-styling "^0.5.1"

react-pure-render@^1.0.2:
  version "1.0.2"
  resolved "https://registry.yarnpkg.com/react-pure-render/-/react-pure-render-1.0.2.tgz#9d8a928c7f2c37513c2d064e57b3e3c356e9fabb"

redux-devtools-dock-monitor@^1.1.2:
  version "1.1.2"
  resolved "https://registry.yarnpkg.com/redux-devtools-dock-monitor/-/redux-devtools-dock-monitor-1.1.2.tgz#eb213a021f8c25b892f6c98bdb87368615e3d201"
  dependencies:
    babel-runtime "^6.2.0"
    parse-key "^0.2.1"
    prop-types "^15.5.8"
    react-dock "^0.2.4"
    react-pure-render "^1.0.2"

redux-devtools-instrument@^1.0.1:
  version "1.8.2"
  resolved "https://registry.yarnpkg.com/redux-devtools-instrument/-/redux-devtools-instrument-1.8.2.tgz#5e91cfe402e790dae3fd2f0d235f7b7d84b09ffe"
  dependencies:
    lodash "^4.2.0"
    symbol-observable "^1.0.2"

redux-devtools-log-monitor@^1.3.0:
  version "1.3.0"
  resolved "https://registry.yarnpkg.com/redux-devtools-log-monitor/-/redux-devtools-log-monitor-1.3.0.tgz#2de0ca1d708da208bca649ec74103023036cce39"
  dependencies:
    lodash.debounce "^4.0.4"
    prop-types "^15.0.0"
    react-json-tree "^0.10.8"
    react-pure-render "^1.0.2"
    redux-devtools-themes "^1.0.0"

redux-devtools-themes@^1.0.0:
  version "1.0.0"
  resolved "https://registry.yarnpkg.com/redux-devtools-themes/-/redux-devtools-themes-1.0.0.tgz#c482dce3c5373976045f40134907d9dcb3ae3d5d"
  dependencies:
    base16 "^1.0.0"

redux-devtools@^3.4.0:
  version "3.4.0"
  resolved "https://registry.yarnpkg.com/redux-devtools/-/redux-devtools-3.4.0.tgz#9bf8415154301f56906f26a36f5bc1f5ca913bb5"
  dependencies:
    lodash "^4.2.0"
    prop-types "^15.5.7"
    redux-devtools-instrument "^1.0.1"

redux-logger@^3.0.6:
  version "3.0.6"
  resolved "https://registry.yarnpkg.com/redux-logger/-/redux-logger-3.0.6.tgz#f7555966f3098f3c88604c449cf0baf5778274bf"
  dependencies:
    deep-diff "^0.3.5"

regenerator-runtime@^0.10.0:
  version "0.10.5"
  resolved "https://registry.yarnpkg.com/regenerator-runtime/-/regenerator-runtime-0.10.5.tgz#336c3efc1220adcedda2c9fab67b5a7955a33658"

setimmediate@^1.0.5:
  version "1.0.5"
  resolved "https://registry.yarnpkg.com/setimmediate/-/setimmediate-1.0.5.tgz#290cbb232e306942d7d7ea9b83732ab7856f8285"

symbol-observable@^1.0.2:
  version "1.0.4"
  resolved "https://registry.yarnpkg.com/symbol-observable/-/symbol-observable-1.0.4.tgz#29bf615d4aa7121bdd898b22d4b3f9bc4e2aa03d"

ua-parser-js@^0.7.9:
  version "0.7.12"
  resolved "https://registry.yarnpkg.com/ua-parser-js/-/ua-parser-js-0.7.12.tgz#04c81a99bdd5dc52263ea29d24c6bf8d4818a4bb"

whatwg-fetch@>=0.10.0:
  version "2.0.3"
  resolved "https://registry.yarnpkg.com/whatwg-fetch/-/whatwg-fetch-2.0.3.tgz#9c84ec2dcf68187ff00bc64e1274b442176e1c84"
